// !$*UTF8*$!
{
	archiveVersion = 1;
	classes = {
	};
	objectVersion = 50;
	objects = {

/* Begin PBXBuildFile section */
		CA2C1311235D09B70097A27E /* AppDelegate.swift in Sources */ = {isa = PBXBuildFile; fileRef = CA2C1310235D09B70097A27E /* AppDelegate.swift */; };
		CA2C1317235D09B70097A27E /* GameScene.swift in Sources */ = {isa = PBXBuildFile; fileRef = CA2C1316235D09B70097A27E /* GameScene.swift */; };
		CA2C1319235D09B70097A27E /* GameViewController.swift in Sources */ = {isa = PBXBuildFile; fileRef = CA2C1318235D09B70097A27E /* GameViewController.swift */; };
		CA2C131C235D09B70097A27E /* Main.storyboard in Resources */ = {isa = PBXBuildFile; fileRef = CA2C131A235D09B70097A27E /* Main.storyboard */; };
		CA2C131E235D09B80097A27E /* Assets.xcassets in Resources */ = {isa = PBXBuildFile; fileRef = CA2C131D235D09B80097A27E /* Assets.xcassets */; };
		CA2C1321235D09B80097A27E /* LaunchScreen.storyboard in Resources */ = {isa = PBXBuildFile; fileRef = CA2C131F235D09B80097A27E /* LaunchScreen.storyboard */; };
		CA2C132C235D09B90097A27E /* scroolgaemTests.swift in Sources */ = {isa = PBXBuildFile; fileRef = CA2C132B235D09B90097A27E /* scroolgaemTests.swift */; };
		CA2C1337235D09B90097A27E /* scroolgaemUITests.swift in Sources */ = {isa = PBXBuildFile; fileRef = CA2C1336235D09B90097A27E /* scroolgaemUITests.swift */; };
/* End PBXBuildFile section */

/* Begin PBXContainerItemProxy section */
		CA2C1328235D09B90097A27E /* PBXContainerItemProxy */ = {
			isa = PBXContainerItemProxy;
			containerPortal = CA2C1305235D09B70097A27E /* Project object */;
			proxyType = 1;
			remoteGlobalIDString = CA2C130C235D09B70097A27E;
			remoteInfo = scroolgaem;
		};
		CA2C1333235D09B90097A27E /* PBXContainerItemProxy */ = {
			isa = PBXContainerItemProxy;
			containerPortal = CA2C1305235D09B70097A27E /* Project object */;
			proxyType = 1;
			remoteGlobalIDString = CA2C130C235D09B70097A27E;
			remoteInfo = scroolgaem;
		};
/* End PBXContainerItemProxy section */

/* Begin PBXFileReference section */
		CA2C130D235D09B70097A27E /* scroolgaem.app */ = {isa = PBXFileReference; explicitFileType = wrapper.application; includeInIndex = 0; path = scroolgaem.app; sourceTree = BUILT_PRODUCTS_DIR; };
		CA2C1310235D09B70097A27E /* AppDelegate.swift */ = {isa = PBXFileReference; lastKnownFileType = sourcecode.swift; path = AppDelegate.swift; sourceTree = "<group>"; };
		CA2C1316235D09B70097A27E /* GameScene.swift */ = {isa = PBXFileReference; lastKnownFileType = sourcecode.swift; path = GameScene.swift; sourceTree = "<group>"; };
		CA2C1318235D09B70097A27E /* GameViewController.swift */ = {isa = PBXFileReference; lastKnownFileType = sourcecode.swift; path = GameViewController.swift; sourceTree = "<group>"; };
		CA2C131B235D09B70097A27E /* Base */ = {isa = PBXFileReference; lastKnownFileType = file.storyboard; name = Base; path = Base.lproj/Main.storyboard; sourceTree = "<group>"; };
		CA2C131D235D09B80097A27E /* Assets.xcassets */ = {isa = PBXFileReference; lastKnownFileType = folder.assetcatalog; path = Assets.xcassets; sourceTree = "<group>"; };
		CA2C1320235D09B80097A27E /* Base */ = {isa = PBXFileReference; lastKnownFileType = file.storyboard; name = Base; path = Base.lproj/LaunchScreen.storyboard; sourceTree = "<group>"; };
		CA2C1322235D09B80097A27E /* Info.plist */ = {isa = PBXFileReference; lastKnownFileType = text.plist.xml; path = Info.plist; sourceTree = "<group>"; };
		CA2C1327235D09B90097A27E /* scroolgaemTests.xctest */ = {isa = PBXFileReference; explicitFileType = wrapper.cfbundle; includeInIndex = 0; path = scroolgaemTests.xctest; sourceTree = BUILT_PRODUCTS_DIR; };
		CA2C132B235D09B90097A27E /* scroolgaemTests.swift */ = {isa = PBXFileReference; lastKnownFileType = sourcecode.swift; path = scroolgaemTests.swift; sourceTree = "<group>"; };
		CA2C132D235D09B90097A27E /* Info.plist */ = {isa = PBXFileReference; lastKnownFileType = text.plist.xml; path = Info.plist; sourceTree = "<group>"; };
		CA2C1332235D09B90097A27E /* scroolgaemUITests.xctest */ = {isa = PBXFileReference; explicitFileType = wrapper.cfbundle; includeInIndex = 0; path = scroolgaemUITests.xctest; sourceTree = BUILT_PRODUCTS_DIR; };
		CA2C1336235D09B90097A27E /* scroolgaemUITests.swift */ = {isa = PBXFileReference; lastKnownFileType = sourcecode.swift; path = scroolgaemUITests.swift; sourceTree = "<group>"; };
		CA2C1338235D09B90097A27E /* Info.plist */ = {isa = PBXFileReference; lastKnownFileType = text.plist.xml; path = Info.plist; sourceTree = "<group>"; };
/* End PBXFileReference section */

/* Begin PBXFrameworksBuildPhase section */
		CA2C130A235D09B70097A27E /* Frameworks */ = {
			isa = PBXFrameworksBuildPhase;
			buildActionMask = 2147483647;
			files = (
			);
			runOnlyForDeploymentPostprocessing = 0;
		};
		CA2C1324235D09B90097A27E /* Frameworks */ = {
			isa = PBXFrameworksBuildPhase;
			buildActionMask = 2147483647;
			files = (
			);
			runOnlyForDeploymentPostprocessing = 0;
		};
		CA2C132F235D09B90097A27E /* Frameworks */ = {
			isa = PBXFrameworksBuildPhase;
			buildActionMask = 2147483647;
			files = (
			);
			runOnlyForDeploymentPostprocessing = 0;
		};
/* End PBXFrameworksBuildPhase section */

/* Begin PBXGroup section */
		CA2C1304235D09B70097A27E = {
			isa = PBXGroup;
			children = (
				CA2C130F235D09B70097A27E /* scroolgaem */,
				CA2C132A235D09B90097A27E /* scroolgaemTests */,
				CA2C1335235D09B90097A27E /* scroolgaemUITests */,
				CA2C130E235D09B70097A27E /* Products */,
			);
			sourceTree = "<group>";
		};
		CA2C130E235D09B70097A27E /* Products */ = {
			isa = PBXGroup;
			children = (
				CA2C130D235D09B70097A27E /* scroolgaem.app */,
				CA2C1327235D09B90097A27E /* scroolgaemTests.xctest */,
				CA2C1332235D09B90097A27E /* scroolgaemUITests.xctest */,
			);
			name = Products;
			sourceTree = "<group>";
		};
		CA2C130F235D09B70097A27E /* scroolgaem */ = {
			isa = PBXGroup;
			children = (
				CA2C1310235D09B70097A27E /* AppDelegate.swift */,
				CA2C1316235D09B70097A27E /* GameScene.swift */,
				CA2C1318235D09B70097A27E /* GameViewController.swift */,
				CA2C131A235D09B70097A27E /* Main.storyboard */,
				CA2C131D235D09B80097A27E /* Assets.xcassets */,
				CA2C131F235D09B80097A27E /* LaunchScreen.storyboard */,
				CA2C1322235D09B80097A27E /* Info.plist */,
			);
			path = scroolgaem;
			sourceTree = "<group>";
		};
		CA2C132A235D09B90097A27E /* scroolgaemTests */ = {
			isa = PBXGroup;
			children = (
				CA2C132B235D09B90097A27E /* scroolgaemTests.swift */,
				CA2C132D235D09B90097A27E /* Info.plist */,
			);
			path = scroolgaemTests;
			sourceTree = "<group>";
		};
		CA2C1335235D09B90097A27E /* scroolgaemUITests */ = {
			isa = PBXGroup;
			children = (
				CA2C1336235D09B90097A27E /* scroolgaemUITests.swift */,
				CA2C1338235D09B90097A27E /* Info.plist */,
			);
			path = scroolgaemUITests;
			sourceTree = "<group>";
		};
/* End PBXGroup section */

/* Begin PBXNativeTarget section */
		CA2C130C235D09B70097A27E /* scroolgaem */ = {
			isa = PBXNativeTarget;
			buildConfigurationList = CA2C133B235D09B90097A27E /* Build configuration list for PBXNativeTarget "scroolgaem" */;
			buildPhases = (
				CA2C1309235D09B70097A27E /* Sources */,
				CA2C130A235D09B70097A27E /* Frameworks */,
				CA2C130B235D09B70097A27E /* Resources */,
			);
			buildRules = (
			);
			dependencies = (
			);
			name = scroolgaem;
			productName = scroolgaem;
			productReference = CA2C130D235D09B70097A27E /* scroolgaem.app */;
			productType = "com.apple.product-type.application";
		};
		CA2C1326235D09B90097A27E /* scroolgaemTests */ = {
			isa = PBXNativeTarget;
			buildConfigurationList = CA2C133E235D09B90097A27E /* Build configuration list for PBXNativeTarget "scroolgaemTests" */;
			buildPhases = (
				CA2C1323235D09B90097A27E /* Sources */,
				CA2C1324235D09B90097A27E /* Frameworks */,
				CA2C1325235D09B90097A27E /* Resources */,
			);
			buildRules = (
			);
			dependencies = (
				CA2C1329235D09B90097A27E /* PBXTargetDependency */,
			);
			name = scroolgaemTests;
			productName = scroolgaemTests;
			productReference = CA2C1327235D09B90097A27E /* scroolgaemTests.xctest */;
			productType = "com.apple.product-type.bundle.unit-test";
		};
		CA2C1331235D09B90097A27E /* scroolgaemUITests */ = {
			isa = PBXNativeTarget;
			buildConfigurationList = CA2C1341235D09B90097A27E /* Build configuration list for PBXNativeTarget "scroolgaemUITests" */;
			buildPhases = (
				CA2C132E235D09B90097A27E /* Sources */,
				CA2C132F235D09B90097A27E /* Frameworks */,
				CA2C1330235D09B90097A27E /* Resources */,
			);
			buildRules = (
			);
			dependencies = (
				CA2C1334235D09B90097A27E /* PBXTargetDependency */,
			);
			name = scroolgaemUITests;
			productName = scroolgaemUITests;
			productReference = CA2C1332235D09B90097A27E /* scroolgaemUITests.xctest */;
			productType = "com.apple.product-type.bundle.ui-testing";
		};
/* End PBXNativeTarget section */

/* Begin PBXProject section */
		CA2C1305235D09B70097A27E /* Project object */ = {
			isa = PBXProject;
			attributes = {
				LastSwiftUpdateCheck = 1030;
				LastUpgradeCheck = 1030;
				ORGANIZATIONNAME = "Vaughan Webb";
				TargetAttributes = {
					CA2C130C235D09B70097A27E = {
						CreatedOnToolsVersion = 10.3;
					};
					CA2C1326235D09B90097A27E = {
						CreatedOnToolsVersion = 10.3;
						TestTargetID = CA2C130C235D09B70097A27E;
					};
					CA2C1331235D09B90097A27E = {
						CreatedOnToolsVersion = 10.3;
						TestTargetID = CA2C130C235D09B70097A27E;
					};
				};
			};
			buildConfigurationList = CA2C1308235D09B70097A27E /* Build configuration list for PBXProject "scroolgaem" */;
			compatibilityVersion = "Xcode 9.3";
			developmentRegion = en;
			hasScannedForEncodings = 0;
			knownRegions = (
				en,
				Base,
			);
			mainGroup = CA2C1304235D09B70097A27E;
			productRefGroup = CA2C130E235D09B70097A27E /* Products */;
			projectDirPath = "";
			projectRoot = "";
			targets = (
				CA2C130C235D09B70097A27E /* scroolgaem */,
				CA2C1326235D09B90097A27E /* scroolgaemTests */,
				CA2C1331235D09B90097A27E /* scroolgaemUITests */,
			);
		};
/* End PBXProject section */

/* Begin PBXResourcesBuildPhase section */
		CA2C130B235D09B70097A27E /* Resources */ = {
			isa = PBXResourcesBuildPhase;
			buildActionMask = 2147483647;
			files = (
				CA2C131C235D09B70097A27E /* Main.storyboard in Resources */,
				CA2C131E235D09B80097A27E /* Assets.xcassets in Resources */,
				CA2C1321235D09B80097A27E /* LaunchScreen.storyboard in Resources */,
			);
			runOnlyForDeploymentPostprocessing = 0;
		};
		CA2C1325235D09B90097A27E /* Resources */ = {
			isa = PBXResourcesBuildPhase;
			buildActionMask = 2147483647;
			files = (
			);
			runOnlyForDeploymentPostprocessing = 0;
		};
		CA2C1330235D09B90097A27E /* Resources */ = {
			isa = PBXResourcesBuildPhase;
			buildActionMask = 2147483647;
			files = (
			);
			runOnlyForDeploymentPostprocessing = 0;
		};
/* End PBXResourcesBuildPhase section */

/* Begin PBXSourcesBuildPhase section */
		CA2C1309235D09B70097A27E /* Sources */ = {
			isa = PBXSourcesBuildPhase;
			buildActionMask = 2147483647;
			files = (
				CA2C1317235D09B70097A27E /* GameScene.swift in Sources */,
				CA2C1319235D09B70097A27E /* GameViewController.swift in Sources */,
				CA2C1311235D09B70097A27E /* AppDelegate.swift in Sources */,
			);
			runOnlyForDeploymentPostprocessing = 0;
		};
		CA2C1323235D09B90097A27E /* Sources */ = {
			isa = PBXSourcesBuildPhase;
			buildActionMask = 2147483647;
			files = (
				CA2C132C235D09B90097A27E /* scroolgaemTests.swift in Sources */,
			);
			runOnlyForDeploymentPostprocessing = 0;
		};
		CA2C132E235D09B90097A27E /* Sources */ = {
			isa = PBXSourcesBuildPhase;
			buildActionMask = 2147483647;
			files = (
				CA2C1337235D09B90097A27E /* scroolgaemUITests.swift in Sources */,
			);
			runOnlyForDeploymentPostprocessing = 0;
		};
/* End PBXSourcesBuildPhase section */

/* Begin PBXTargetDependency section */
		CA2C1329235D09B90097A27E /* PBXTargetDependency */ = {
			isa = PBXTargetDependency;
			target = CA2C130C235D09B70097A27E /* scroolgaem */;
			targetProxy = CA2C1328235D09B90097A27E /* PBXContainerItemProxy */;
		};
		CA2C1334235D09B90097A27E /* PBXTargetDependency */ = {
			isa = PBXTargetDependency;
			target = CA2C130C235D09B70097A27E /* scroolgaem */;
			targetProxy = CA2C1333235D09B90097A27E /* PBXContainerItemProxy */;
		};
/* End PBXTargetDependency section */

/* Begin PBXVariantGroup section */
		CA2C131A235D09B70097A27E /* Main.storyboard */ = {
			isa = PBXVariantGroup;
			children = (
				CA2C131B235D09B70097A27E /* Base */,
			);
			name = Main.storyboard;
			sourceTree = "<group>";
		};
		CA2C131F235D09B80097A27E /* LaunchScreen.storyboard */ = {
			isa = PBXVariantGroup;
			children = (
				CA2C1320235D09B80097A27E /* Base */,
			);
			name = LaunchScreen.storyboard;
			sourceTree = "<group>";
		};
/* End PBXVariantGroup section */

/* Begin XCBuildConfiguration section */
		CA2C1339235D09B90097A27E /* Debug */ = {
			isa = XCBuildConfiguration;
			buildSettings = {
				ALWAYS_SEARCH_USER_PATHS = NO;
				CLANG_ANALYZER_NONNULL = YES;
				CLANG_ANALYZER_NUMBER_OBJECT_CONVERSION = YES_AGGRESSIVE;
				CLANG_CXX_LANGUAGE_STANDARD = "gnu++14";
				CLANG_CXX_LIBRARY = "libc++";
				CLANG_ENABLE_MODULES = YES;
				CLANG_ENABLE_OBJC_ARC = YES;
				CLANG_ENABLE_OBJC_WEAK = YES;
				CLANG_WARN_BLOCK_CAPTURE_AUTORELEASING = YES;
				CLANG_WARN_BOOL_CONVERSION = YES;
				CLANG_WARN_COMMA = YES;
				CLANG_WARN_CONSTANT_CONVERSION = YES;
				CLANG_WARN_DEPRECATED_OBJC_IMPLEMENTATIONS = YES;
				CLANG_WARN_DIRECT_OBJC_ISA_USAGE = YES_ERROR;
				CLANG_WARN_DOCUMENTATION_COMMENTS = YES;
				CLANG_WARN_EMPTY_BODY = YES;
				CLANG_WARN_ENUM_CONVERSION = YES;
				CLANG_WARN_INFINITE_RECURSION = YES;
				CLANG_WARN_INT_CONVERSION = YES;
				CLANG_WARN_NON_LITERAL_NULL_CONVERSION = YES;
				CLANG_WARN_OBJC_IMPLICIT_RETAIN_SELF = YES;
				CLANG_WARN_OBJC_LITERAL_CONVERSION = YES;
				CLANG_WARN_OBJC_ROOT_CLASS = YES_ERROR;
				CLANG_WARN_RANGE_LOOP_ANALYSIS = YES;
				CLANG_WARN_STRICT_PROTOTYPES = YES;
				CLANG_WARN_SUSPICIOUS_MOVE = YES;
				CLANG_WARN_UNGUARDED_AVAILABILITY = YES_AGGRESSIVE;
				CLANG_WARN_UNREACHABLE_CODE = YES;
				CLANG_WARN__DUPLICATE_METHOD_MATCH = YES;
				CODE_SIGN_IDENTITY = "iPhone Developer";
				COPY_PHASE_STRIP = NO;
				DEBUG_INFORMATION_FORMAT = dwarf;
				ENABLE_STRICT_OBJC_MSGSEND = YES;
				ENABLE_TESTABILITY = YES;
				GCC_C_LANGUAGE_STANDARD = gnu11;
				GCC_DYNAMIC_NO_PIC = NO;
				GCC_NO_COMMON_BLOCKS = YES;
				GCC_OPTIMIZATION_LEVEL = 0;
				GCC_PREPROCESSOR_DEFINITIONS = (
					"DEBUG=1",
					"$(inherited)",
				);
				GCC_WARN_64_TO_32_BIT_CONVERSION = YES;
				GCC_WARN_ABOUT_RETURN_TYPE = YES_ERROR;
				GCC_WARN_UNDECLARED_SELECTOR = YES;
				GCC_WARN_UNINITIALIZED_AUTOS = YES_AGGRESSIVE;
				GCC_WARN_UNUSED_FUNCTION = YES;
				GCC_WARN_UNUSED_VARIABLE = YES;
				IPHONEOS_DEPLOYMENT_TARGET = 12.4;
				MTL_ENABLE_DEBUG_INFO = INCLUDE_SOURCE;
				MTL_FAST_MATH = YES;
				ONLY_ACTIVE_ARCH = YES;
				SDKROOT = iphoneos;
				SWIFT_ACTIVE_COMPILATION_CONDITIONS = DEBUG;
				SWIFT_OPTIMIZATION_LEVEL = "-Onone";
			};
			name = Debug;
		};
		CA2C133A235D09B90097A27E /* Release */ = {
			isa = XCBuildConfiguration;
			buildSettings = {
				ALWAYS_SEARCH_USER_PATHS = NO;
				CLANG_ANALYZER_NONNULL = YES;
				CLANG_ANALYZER_NUMBER_OBJECT_CONVERSION = YES_AGGRESSIVE;
				CLANG_CXX_LANGUAGE_STANDARD = "gnu++14";
				CLANG_CXX_LIBRARY = "libc++";
				CLANG_ENABLE_MODULES = YES;
				CLANG_ENABLE_OBJC_ARC = YES;
				CLANG_ENABLE_OBJC_WEAK = YES;
				CLANG_WARN_BLOCK_CAPTURE_AUTORELEASING = YES;
				CLANG_WARN_BOOL_CONVERSION = YES;
				CLANG_WARN_COMMA = YES;
				CLANG_WARN_CONSTANT_CONVERSION = YES;
				CLANG_WARN_DEPRECATED_OBJC_IMPLEMENTATIONS = YES;
				CLANG_WARN_DIRECT_OBJC_ISA_USAGE = YES_ERROR;
				CLANG_WARN_DOCUMENTATION_COMMENTS = YES;
				CLANG_WARN_EMPTY_BODY = YES;
				CLANG_WARN_ENUM_CONVERSION = YES;
				CLANG_WARN_INFINITE_RECURSION = YES;
				CLANG_WARN_INT_CONVERSION = YES;
				CLANG_WARN_NON_LITERAL_NULL_CONVERSION = YES;
				CLANG_WARN_OBJC_IMPLICIT_RETAIN_SELF = YES;
				CLANG_WARN_OBJC_LITERAL_CONVERSION = YES;
				CLANG_WARN_OBJC_ROOT_CLASS = YES_ERROR;
				CLANG_WARN_RANGE_LOOP_ANALYSIS = YES;
				CLANG_WARN_STRICT_PROTOTYPES = YES;
				CLANG_WARN_SUSPICIOUS_MOVE = YES;
				CLANG_WARN_UNGUARDED_AVAILABILITY = YES_AGGRESSIVE;
				CLANG_WARN_UNREACHABLE_CODE = YES;
				CLANG_WARN__DUPLICATE_METHOD_MATCH = YES;
				CODE_SIGN_IDENTITY = "iPhone Developer";
				COPY_PHASE_STRIP = NO;
				DEBUG_INFORMATION_FORMAT = "dwarf-with-dsym";
				ENABLE_NS_ASSERTIONS = NO;
				ENABLE_STRICT_OBJC_MSGSEND = YES;
				GCC_C_LANGUAGE_STANDARD = gnu11;
				GCC_NO_COMMON_BLOCKS = YES;
				GCC_WARN_64_TO_32_BIT_CONVERSION = YES;
				GCC_WARN_ABOUT_RETURN_TYPE = YES_ERROR;
				GCC_WARN_UNDECLARED_SELECTOR = YES;
				GCC_WARN_UNINITIALIZED_AUTOS = YES_AGGRESSIVE;
				GCC_WARN_UNUSED_FUNCTION = YES;
				GCC_WARN_UNUSED_VARIABLE = YES;
				IPHONEOS_DEPLOYMENT_TARGET = 12.4;
				MTL_ENABLE_DEBUG_INFO = NO;
				MTL_FAST_MATH = YES;
				SDKROOT = iphoneos;
				SWIFT_COMPILATION_MODE = wholemodule;
				SWIFT_OPTIMIZATION_LEVEL = "-O";
				VALIDATE_PRODUCT = YES;
			};
			name = Release;
		};
		CA2C133C235D09B90097A27E /* Debug */ = {
			isa = XCBuildConfiguration;
			buildSettings = {
				ASSETCATALOG_COMPILER_APPICON_NAME = AppIcon;
				CODE_SIGN_STYLE = Automatic;
				DEVELOPMENT_TEAM = 3675A686G9;
				INFOPLIST_FILE = scroolgaem/Info.plist;
				LD_RUNPATH_SEARCH_PATHS = (
					"$(inherited)",
					"@executable_path/Frameworks",
				);
				PRODUCT_BUNDLE_IDENTIFIER = bruh.scroolgaem;
				PRODUCT_NAME = "$(TARGET_NAME)";
				SWIFT_VERSION = 5.0;
				TARGETED_DEVICE_FAMILY = "1,2";
			};
			name = Debug;
		};
		CA2C133D235D09B90097A27E /* Release */ = {
			isa = XCBuildConfiguration;
			buildSettings = {
				ASSETCATALOG_COMPILER_APPICON_NAME = AppIcon;
				CODE_SIGN_STYLE = Automatic;
				DEVELOPMENT_TEAM = 3675A686G9;
				INFOPLIST_FILE = scroolgaem/Info.plist;
				LD_RUNPATH_SEARCH_PATHS = (
					"$(inherited)",
					"@executable_path/Frameworks",
				);
				PRODUCT_BUNDLE_IDENTIFIER = bruh.scroolgaem;
				PRODUCT_NAME = "$(TARGET_NAME)";
				SWIFT_VERSION = 5.0;
				TARGETED_DEVICE_FAMILY = "1,2";
			};
			name = Release;
		};
		CA2C133F235D09B90097A27E /* Debug */ = {
			isa = XCBuildConfiguration;
			buildSettings = {
				ALWAYS_EMBED_SWIFT_STANDARD_LIBRARIES = YES;
				BUNDLE_LOADER = "$(TEST_HOST)";
				CODE_SIGN_STYLE = Automatic;
				DEVELOPMENT_TEAM = 3675A686G9;
				INFOPLIST_FILE = scroolgaemTests/Info.plist;
				LD_RUNPATH_SEARCH_PATHS = (
					"$(inherited)",
					"@executable_path/Frameworks",
					"@loader_path/Frameworks",
				);
				PRODUCT_BUNDLE_IDENTIFIER = bruh.scroolgaemTests;
				PRODUCT_NAME = "$(TARGET_NAME)";
				SWIFT_VERSION = 5.0;
				TARGETED_DEVICE_FAMILY = "1,2";
				TEST_HOST = "$(BUILT_PRODUCTS_DIR)/scroolgaem.app/scroolgaem";
			};
			name = Debug;
		};
		CA2C1340235D09B90097A27E /* Release */ = {
			isa = XCBuildConfiguration;
			buildSettings = {
				ALWAYS_EMBED_SWIFT_STANDARD_LIBRARIES = YES;
				BUNDLE_LOADER = "$(TEST_HOST)";
				CODE_SIGN_STYLE = Automatic;
				DEVELOPMENT_TEAM = 3675A686G9;
				INFOPLIST_FILE = scroolgaemTests/Info.plist;
				LD_RUNPATH_SEARCH_PATHS = (
					"$(inherited)",
					"@executable_path/Frameworks",
					"@loader_path/Frameworks",
				);
				PRODUCT_BUNDLE_IDENTIFIER = bruh.scroolgaemTests;
				PRODUCT_NAME = "$(TARGET_NAME)";
				SWIFT_VERSION = 5.0;
				TARGETED_DEVICE_FAMILY = "1,2";
				TEST_HOST = "$(BUILT_PRODUCTS_DIR)/scroolgaem.app/scroolgaem";
			};
			name = Release;
		};
		CA2C1342235D09B90097A27E /* Debug */ = {
			isa = XCBuildConfiguration;
			buildSettings = {
				ALWAYS_EMBED_SWIFT_STANDARD_LIBRARIES = YES;
				CODE_SIGN_STYLE = Automatic;
				DEVELOPMENT_TEAM = 3675A686G9;
				INFOPLIST_FILE = scroolgaemUITests/Info.plist;
				LD_RUNPATH_SEARCH_PATHS = (
					"$(inherited)",
					"@executable_path/Frameworks",
					"@loader_path/Frameworks",
				);
				PRODUCT_BUNDLE_IDENTIFIER = bruh.scroolgaemUITests;
				PRODUCT_NAME = "$(TARGET_NAME)";
				SWIFT_VERSION = 5.0;
				TARGETED_DEVICE_FAMILY = "1,2";
				TEST_TARGET_NAME = scroolgaem;
			};
			name = Debug;
		};
		CA2C1343235D09B90097A27E /* Release */ = {
			isa = XCBuildConfiguration;
			buildSettings = {
				ALWAYS_EMBED_SWIFT_STANDARD_LIBRARIES = YES;
				CODE_SIGN_STYLE = Automatic;
				DEVELOPMENT_TEAM = 3675A686G9;
				INFOPLIST_FILE = scroolgaemUITests/Info.plist;
				LD_RUNPATH_SEARCH_PATHS = (
					"$(inherited)",
					"@executable_path/Frameworks",
					"@loader_path/Frameworks",
				);
				PRODUCT_BUNDLE_IDENTIFIER = bruh.scroolgaemUITests;
				PRODUCT_NAME = "$(TARGET_NAME)";
				SWIFT_VERSION = 5.0;
				TARGETED_DEVICE_FAMILY = "1,2";
				TEST_TARGET_NAME = scroolgaem;
			};
			name = Release;
		};
/* End XCBuildConfiguration section */

/* Begin XCConfigurationList section */
		CA2C1308235D09B70097A27E /* Build configuration list for PBXProject "scroolgaem" */ = {
			isa = XCConfigurationList;
			buildConfigurations = (
				CA2C1339235D09B90097A27E /* Debug */,
				CA2C133A235D09B90097A27E /* Release */,
			);
			defaultConfigurationIsVisible = 0;
			defaultConfigurationName = Release;
		};
		CA2C133B235D09B90097A27E /* Build configuration list for PBXNativeTarget "scroolgaem" */ = {
			isa = XCConfigurationList;
			buildConfigurations = (
				CA2C133C235D09B90097A27E /* Debug */,
				CA2C133D235D09B90097A27E /* Release */,
			);
			defaultConfigurationIsVisible = 0;
			defaultConfigurationName = Release;
		};
		CA2C133E235D09B90097A27E /* Build configuration list for PBXNativeTarget "scroolgaemTests" */ = {
			isa = XCConfigurationList;
			buildConfigurations = (
				CA2C133F235D09B90097A27E /* Debug */,
				CA2C1340235D09B90097A27E /* Release */,
			);
			defaultConfigurationIsVisible = 0;
			defaultConfigurationName = Release;
		};
		CA2C1341235D09B90097A27E /* Build configuration list for PBXNativeTarget "scroolgaemUITests" */ = {
			isa = XCConfigurationList;
			buildConfigurations = (
				CA2C1342235D09B90097A27E /* Debug */,
				CA2C1343235D09B90097A27E /* Release */,
			);
			defaultConfigurationIsVisible = 0;
			defaultConfigurationName = Release;
		};
/* End XCConfigurationList section */
	};
	rootObject = CA2C1305235D09B70097A27E /* Project object */;
}
